
Microsoft Visual Studio Solution File, Format Version 12.00
# Visual Studio 15
VisualStudioVersion = 15.0.28010.2036
MinimumVisualStudioVersion = 10.0.40219.1
Project("{00D1A9C2-B5F0-4AF3-8072-F6C62B433612}") = "Contoso UniversityData", "Contoso UniversityData\Contoso UniversityData.sqlproj", "{4AB04BD1-9BC4-4A8B-AC6D-5460943B18B6}"
EndProject
Project("{FAE04EC0-301F-11D3-BF4B-00C04F79EFBC}") = "ContosoSite", "ContosoSite\ContosoSite.csproj", "{DEADE63E-8425-4989-944B-15399F6D9A2E}"
EndProject
Global
	GlobalSection(SolutionConfigurationPlatforms) = preSolution
		Debug|Any CPU = Debug|Any CPU
		Release|Any CPU = Release|Any CPU
	EndGlobalSection
	GlobalSection(ProjectConfigurationPlatforms) = postSolution
		{4AB04BD1-9BC4-4A8B-AC6D-5460943B18B6}.Debug|Any CPU.ActiveCfg = Debug|Any CPU
		{4AB04BD1-9BC4-4A8B-AC6D-5460943B18B6}.Debug|Any CPU.Build.0 = Debug|Any CPU
		{4AB04BD1-9BC4-4A8B-AC6D-5460943B18B6}.Debug|Any CPU.Deploy.0 = Debug|Any CPU
		{4AB04BD1-9BC4-4A8B-AC6D-5460943B18B6}.Release|Any CPU.ActiveCfg = Release|Any CPU
		{4AB04BD1-9BC4-4A8B-AC6D-5460943B18B6}.Release|Any CPU.Build.0 = Release|Any CPU
		{4AB04BD1-9BC4-4A8B-AC6D-5460943B18B6}.Release|Any CPU.Deploy.0 = Release|Any CPU
		{DEADE63E-8425-4989-944B-15399F6D9A2E}.Debug|Any CPU.ActiveCfg = Debug|Any CPU
		{DEADE63E-8425-4989-944B-15399F6D9A2E}.Debug|Any CPU.Build.0 = Debug|Any CPU
		{DEADE63E-8425-4989-944B-15399F6D9A2E}.Release|Any CPU.ActiveCfg = Release|Any CPU
		{DEADE63E-8425-4989-944B-15399F6D9A2E}.Release|Any CPU.Build.0 = Release|Any CPU
	EndGlobalSection
	GlobalSection(SolutionProperties) = preSolution
		HideSolutionNode = FALSE
	EndGlobalSection
	GlobalSection(ExtensibilityGlobals) = postSolution
		SolutionGuid = {D97FE5D9-B2F8-4A45-80BE-2511F5833C26}
	EndGlobalSection
EndGlobal
